
Microsoft Visual Studio Solution File, Format Version 12.00
# Visual Studio 2013
VisualStudioVersion = 12.0.21005.1
MinimumVisualStudioVersion = 10.0.40219.1
Project("{FAE04EC0-301F-11D3-BF4B-00C04F79EFBC}") = "fstyle", "fstyle\fstyle.csproj", "{AD5D28D4-D7FE-4CE4-B59C-1AF385BF675B}"
EndProject
Global
	GlobalSection(SolutionConfigurationPlatforms) = preSolution
		Debug|Any CPU = Debug|Any CPU
		Release|Any CPU = Release|Any CPU
	EndGlobalSection
	GlobalSection(ProjectConfigurationPlatforms) = postSolution
		{AD5D28D4-D7FE-4CE4-B59C-1AF385BF675B}.Debug|Any CPU.ActiveCfg = Debug|Any CPU
		{AD5D28D4-D7FE-4CE4-B59C-1AF385BF675B}.Debug|Any CPU.Build.0 = Debug|Any CPU
		{AD5D28D4-D7FE-4CE4-B59C-1AF385BF675B}.Release|Any CPU.ActiveCfg = Release|Any CPU
		{AD5D28D4-D7FE-4CE4-B59C-1AF385BF675B}.Release|Any CPU.Build.0 = Release|Any CPU
	EndGlobalSection
	GlobalSection(SolutionProperties) = preSolution
		HideSolutionNode = FALSE
	EndGlobalSection
EndGlobal
